// !$*UTF8*$!
{
	archiveVersion = 1;
	classes = {
	};
	objectVersion = 50;
	objects = {

/* Begin PBXBuildFile section */
		BBC974D8240D8DF8006F6766 /* AppDelegate.swift in Sources */ = {isa = PBXBuildFile; fileRef = BBC974D7240D8DF8006F6766 /* AppDelegate.swift */; };
		BBC974DA240D8DF8006F6766 /* ViewController.swift in Sources */ = {isa = PBXBuildFile; fileRef = BBC974D9240D8DF8006F6766 /* ViewController.swift */; };
		BBC974DD240D8DF8006F6766 /* Main.storyboard in Resources */ = {isa = PBXBuildFile; fileRef = BBC974DB240D8DF8006F6766 /* Main.storyboard */; };
		BBC974DF240D8DFC006F6766 /* Assets.xcassets in Resources */ = {isa = PBXBuildFile; fileRef = BBC974DE240D8DFC006F6766 /* Assets.xcassets */; };
		BBC974E2240D8DFC006F6766 /* LaunchScreen.storyboard in Resources */ = {isa = PBXBuildFile; fileRef = BBC974E0240D8DFC006F6766 /* LaunchScreen.storyboard */; };
		BBC974ED240D8DFC006F6766 /* MyDreamTests.swift in Sources */ = {isa = PBXBuildFile; fileRef = BBC974EC240D8DFC006F6766 /* MyDreamTests.swift */; };
		BBC974F8240D8DFC006F6766 /* MyDreamUITests.swift in Sources */ = {isa = PBXBuildFile; fileRef = BBC974F7240D8DFC006F6766 /* MyDreamUITests.swift */; };
/* End PBXBuildFile section */

/* Begin PBXContainerItemProxy section */
		BBC974E9240D8DFC006F6766 /* PBXContainerItemProxy */ = {
			isa = PBXContainerItemProxy;
			containerPortal = BBC974CC240D8DF8006F6766 /* Project object */;
			proxyType = 1;
			remoteGlobalIDString = BBC974D3240D8DF8006F6766;
			remoteInfo = MyDream;
		};
		BBC974F4240D8DFC006F6766 /* PBXContainerItemProxy */ = {
			isa = PBXContainerItemProxy;
			containerPortal = BBC974CC240D8DF8006F6766 /* Project object */;
			proxyType = 1;
			remoteGlobalIDString = BBC974D3240D8DF8006F6766;
			remoteInfo = MyDream;
		};
/* End PBXContainerItemProxy section */

/* Begin PBXFileReference section */
		BBC974D4240D8DF8006F6766 /* MyDream.app */ = {isa = PBXFileReference; explicitFileType = wrapper.application; includeInIndex = 0; path = MyDream.app; sourceTree = BUILT_PRODUCTS_DIR; };
		BBC974D7240D8DF8006F6766 /* AppDelegate.swift */ = {isa = PBXFileReference; lastKnownFileType = sourcecode.swift; path = AppDelegate.swift; sourceTree = "<group>"; };
		BBC974D9240D8DF8006F6766 /* ViewController.swift */ = {isa = PBXFileReference; lastKnownFileType = sourcecode.swift; path = ViewController.swift; sourceTree = "<group>"; };
		BBC974DC240D8DF8006F6766 /* Base */ = {isa = PBXFileReference; lastKnownFileType = file.storyboard; name = Base; path = Base.lproj/Main.storyboard; sourceTree = "<group>"; };
		BBC974DE240D8DFC006F6766 /* Assets.xcassets */ = {isa = PBXFileReference; lastKnownFileType = folder.assetcatalog; path = Assets.xcassets; sourceTree = "<group>"; };
		BBC974E1240D8DFC006F6766 /* Base */ = {isa = PBXFileReference; lastKnownFileType = file.storyboard; name = Base; path = Base.lproj/LaunchScreen.storyboard; sourceTree = "<group>"; };
		BBC974E3240D8DFC006F6766 /* Info.plist */ = {isa = PBXFileReference; lastKnownFileType = text.plist.xml; path = Info.plist; sourceTree = "<group>"; };
		BBC974E8240D8DFC006F6766 /* MyDreamTests.xctest */ = {isa = PBXFileReference; explicitFileType = wrapper.cfbundle; includeInIndex = 0; path = MyDreamTests.xctest; sourceTree = BUILT_PRODUCTS_DIR; };
		BBC974EC240D8DFC006F6766 /* MyDreamTests.swift */ = {isa = PBXFileReference; lastKnownFileType = sourcecode.swift; path = MyDreamTests.swift; sourceTree = "<group>"; };
		BBC974EE240D8DFC006F6766 /* Info.plist */ = {isa = PBXFileReference; lastKnownFileType = text.plist.xml; path = Info.plist; sourceTree = "<group>"; };
		BBC974F3240D8DFC006F6766 /* MyDreamUITests.xctest */ = {isa = PBXFileReference; explicitFileType = wrapper.cfbundle; includeInIndex = 0; path = MyDreamUITests.xctest; sourceTree = BUILT_PRODUCTS_DIR; };
		BBC974F7240D8DFC006F6766 /* MyDreamUITests.swift */ = {isa = PBXFileReference; lastKnownFileType = sourcecode.swift; path = MyDreamUITests.swift; sourceTree = "<group>"; };
		BBC974F9240D8DFC006F6766 /* Info.plist */ = {isa = PBXFileReference; lastKnownFileType = text.plist.xml; path = Info.plist; sourceTree = "<group>"; };
/* End PBXFileReference section */

/* Begin PBXFrameworksBuildPhase section */
		BBC974D1240D8DF8006F6766 /* Frameworks */ = {
			isa = PBXFrameworksBuildPhase;
			buildActionMask = 2147483647;
			files = (
			);
			runOnlyForDeploymentPostprocessing = 0;
		};
		BBC974E5240D8DFC006F6766 /* Frameworks */ = {
			isa = PBXFrameworksBuildPhase;
			buildActionMask = 2147483647;
			files = (
			);
			runOnlyForDeploymentPostprocessing = 0;
		};
		BBC974F0240D8DFC006F6766 /* Frameworks */ = {
			isa = PBXFrameworksBuildPhase;
			buildActionMask = 2147483647;
			files = (
			);
			runOnlyForDeploymentPostprocessing = 0;
		};
/* End PBXFrameworksBuildPhase section */

/* Begin PBXGroup section */
		BBC974CB240D8DF8006F6766 = {
			isa = PBXGroup;
			children = (
				BBC974D6240D8DF8006F6766 /* MyDream */,
				BBC974EB240D8DFC006F6766 /* MyDreamTests */,
				BBC974F6240D8DFC006F6766 /* MyDreamUITests */,
				BBC974D5240D8DF8006F6766 /* Products */,
			);
			sourceTree = "<group>";
		};
		BBC974D5240D8DF8006F6766 /* Products */ = {
			isa = PBXGroup;
			children = (
				BBC974D4240D8DF8006F6766 /* MyDream.app */,
				BBC974E8240D8DFC006F6766 /* MyDreamTests.xctest */,
				BBC974F3240D8DFC006F6766 /* MyDreamUITests.xctest */,
			);
			name = Products;
			sourceTree = "<group>";
		};
		BBC974D6240D8DF8006F6766 /* MyDream */ = {
			isa = PBXGroup;
			children = (
				BBC974D7240D8DF8006F6766 /* AppDelegate.swift */,
				BBC974D9240D8DF8006F6766 /* ViewController.swift */,
				BBC974DB240D8DF8006F6766 /* Main.storyboard */,
				BBC974DE240D8DFC006F6766 /* Assets.xcassets */,
				BBC974E0240D8DFC006F6766 /* LaunchScreen.storyboard */,
				BBC974E3240D8DFC006F6766 /* Info.plist */,
			);
			path = MyDream;
			sourceTree = "<group>";
		};
		BBC974EB240D8DFC006F6766 /* MyDreamTests */ = {
			isa = PBXGroup;
			children = (
				BBC974EC240D8DFC006F6766 /* MyDreamTests.swift */,
				BBC974EE240D8DFC006F6766 /* Info.plist */,
			);
			path = MyDreamTests;
			sourceTree = "<group>";
		};
		BBC974F6240D8DFC006F6766 /* MyDreamUITests */ = {
			isa = PBXGroup;
			children = (
				BBC974F7240D8DFC006F6766 /* MyDreamUITests.swift */,
				BBC974F9240D8DFC006F6766 /* Info.plist */,
			);
			path = MyDreamUITests;
			sourceTree = "<group>";
		};
/* End PBXGroup section */

/* Begin PBXNativeTarget section */
		BBC974D3240D8DF8006F6766 /* MyDream */ = {
			isa = PBXNativeTarget;
			buildConfigurationList = BBC974FC240D8DFC006F6766 /* Build configuration list for PBXNativeTarget "MyDream" */;
			buildPhases = (
				BBC974D0240D8DF8006F6766 /* Sources */,
				BBC974D1240D8DF8006F6766 /* Frameworks */,
				BBC974D2240D8DF8006F6766 /* Resources */,
			);
			buildRules = (
			);
			dependencies = (
			);
			name = MyDream;
			productName = MyDream;
			productReference = BBC974D4240D8DF8006F6766 /* MyDream.app */;
			productType = "com.apple.product-type.application";
		};
		BBC974E7240D8DFC006F6766 /* MyDreamTests */ = {
			isa = PBXNativeTarget;
			buildConfigurationList = BBC974FF240D8DFC006F6766 /* Build configuration list for PBXNativeTarget "MyDreamTests" */;
			buildPhases = (
				BBC974E4240D8DFC006F6766 /* Sources */,
				BBC974E5240D8DFC006F6766 /* Frameworks */,
				BBC974E6240D8DFC006F6766 /* Resources */,
			);
			buildRules = (
			);
			dependencies = (
				BBC974EA240D8DFC006F6766 /* PBXTargetDependency */,
			);
			name = MyDreamTests;
			productName = MyDreamTests;
			productReference = BBC974E8240D8DFC006F6766 /* MyDreamTests.xctest */;
			productType = "com.apple.product-type.bundle.unit-test";
		};
		BBC974F2240D8DFC006F6766 /* MyDreamUITests */ = {
			isa = PBXNativeTarget;
			buildConfigurationList = BBC97502240D8DFC006F6766 /* Build configuration list for PBXNativeTarget "MyDreamUITests" */;
			buildPhases = (
				BBC974EF240D8DFC006F6766 /* Sources */,
				BBC974F0240D8DFC006F6766 /* Frameworks */,
				BBC974F1240D8DFC006F6766 /* Resources */,
			);
			buildRules = (
			);
			dependencies = (
				BBC974F5240D8DFC006F6766 /* PBXTargetDependency */,
			);
			name = MyDreamUITests;
			productName = MyDreamUITests;
			productReference = BBC974F3240D8DFC006F6766 /* MyDreamUITests.xctest */;
			productType = "com.apple.product-type.bundle.ui-testing";
		};
/* End PBXNativeTarget section */

/* Begin PBXProject section */
		BBC974CC240D8DF8006F6766 /* Project object */ = {
			isa = PBXProject;
			attributes = {
				LastSwiftUpdateCheck = 1010;
				LastUpgradeCheck = 1010;
				ORGANIZATIONNAME = "임원선";
				TargetAttributes = {
					BBC974D3240D8DF8006F6766 = {
						CreatedOnToolsVersion = 10.1;
					};
					BBC974E7240D8DFC006F6766 = {
						CreatedOnToolsVersion = 10.1;
						TestTargetID = BBC974D3240D8DF8006F6766;
					};
					BBC974F2240D8DFC006F6766 = {
						CreatedOnToolsVersion = 10.1;
						TestTargetID = BBC974D3240D8DF8006F6766;
					};
				};
			};
			buildConfigurationList = BBC974CF240D8DF8006F6766 /* Build configuration list for PBXProject "MyDream" */;
			compatibilityVersion = "Xcode 9.3";
			developmentRegion = en;
			hasScannedForEncodings = 0;
			knownRegions = (
				en,
				Base,
			);
			mainGroup = BBC974CB240D8DF8006F6766;
			productRefGroup = BBC974D5240D8DF8006F6766 /* Products */;
			projectDirPath = "";
			projectRoot = "";
			targets = (
				BBC974D3240D8DF8006F6766 /* MyDream */,
				BBC974E7240D8DFC006F6766 /* MyDreamTests */,
				BBC974F2240D8DFC006F6766 /* MyDreamUITests */,
			);
		};
/* End PBXProject section */

/* Begin PBXResourcesBuildPhase section */
		BBC974D2240D8DF8006F6766 /* Resources */ = {
			isa = PBXResourcesBuildPhase;
			buildActionMask = 2147483647;
			files = (
				BBC974E2240D8DFC006F6766 /* LaunchScreen.storyboard in Resources */,
				BBC974DF240D8DFC006F6766 /* Assets.xcassets in Resources */,
				BBC974DD240D8DF8006F6766 /* Main.storyboard in Resources */,
			);
			runOnlyForDeploymentPostprocessing = 0;
		};
		BBC974E6240D8DFC006F6766 /* Resources */ = {
			isa = PBXResourcesBuildPhase;
			buildActionMask = 2147483647;
			files = (
			);
			runOnlyForDeploymentPostprocessing = 0;
		};
		BBC974F1240D8DFC006F6766 /* Resources */ = {
			isa = PBXResourcesBuildPhase;
			buildActionMask = 2147483647;
			files = (
			);
			runOnlyForDeploymentPostprocessing = 0;
		};
/* End PBXResourcesBuildPhase section */

/* Begin PBXSourcesBuildPhase section */
		BBC974D0240D8DF8006F6766 /* Sources */ = {
			isa = PBXSourcesBuildPhase;
			buildActionMask = 2147483647;
			files = (
				BBC974DA240D8DF8006F6766 /* ViewController.swift in Sources */,
				BBC974D8240D8DF8006F6766 /* AppDelegate.swift in Sources */,
			);
			runOnlyForDeploymentPostprocessing = 0;
		};
		BBC974E4240D8DFC006F6766 /* Sources */ = {
			isa = PBXSourcesBuildPhase;
			buildActionMask = 2147483647;
			files = (
				BBC974ED240D8DFC006F6766 /* MyDreamTests.swift in Sources */,
			);
			runOnlyForDeploymentPostprocessing = 0;
		};
		BBC974EF240D8DFC006F6766 /* Sources */ = {
			isa = PBXSourcesBuildPhase;
			buildActionMask = 2147483647;
			files = (
				BBC974F8240D8DFC006F6766 /* MyDreamUITests.swift in Sources */,
			);
			runOnlyForDeploymentPostprocessing = 0;
		};
/* End PBXSourcesBuildPhase section */

/* Begin PBXTargetDependency section */
		BBC974EA240D8DFC006F6766 /* PBXTargetDependency */ = {
			isa = PBXTargetDependency;
			target = BBC974D3240D8DF8006F6766 /* MyDream */;
			targetProxy = BBC974E9240D8DFC006F6766 /* PBXContainerItemProxy */;
		};
		BBC974F5240D8DFC006F6766 /* PBXTargetDependency */ = {
			isa = PBXTargetDependency;
			target = BBC974D3240D8DF8006F6766 /* MyDream */;
			targetProxy = BBC974F4240D8DFC006F6766 /* PBXContainerItemProxy */;
		};
/* End PBXTargetDependency section */

/* Begin PBXVariantGroup section */
		BBC974DB240D8DF8006F6766 /* Main.storyboard */ = {
			isa = PBXVariantGroup;
			children = (
				BBC974DC240D8DF8006F6766 /* Base */,
			);
			name = Main.storyboard;
			sourceTree = "<group>";
			usesTabs = 0;
		};
		BBC974E0240D8DFC006F6766 /* LaunchScreen.storyboard */ = {
			isa = PBXVariantGroup;
			children = (
				BBC974E1240D8DFC006F6766 /* Base */,
			);
			name = LaunchScreen.storyboard;
			sourceTree = "<group>";
		};
/* End PBXVariantGroup section */

/* Begin XCBuildConfiguration section */
		BBC974FA240D8DFC006F6766 /* Debug */ = {
			isa = XCBuildConfiguration;
			buildSettings = {
				ALWAYS_SEARCH_USER_PATHS = NO;
				CLANG_ANALYZER_NONNULL = YES;
				CLANG_ANALYZER_NUMBER_OBJECT_CONVERSION = YES_AGGRESSIVE;
				CLANG_CXX_LANGUAGE_STANDARD = "gnu++14";
				CLANG_CXX_LIBRARY = "libc++";
				CLANG_ENABLE_MODULES = YES;
				CLANG_ENABLE_OBJC_ARC = YES;
				CLANG_ENABLE_OBJC_WEAK = YES;
				CLANG_WARN_BLOCK_CAPTURE_AUTORELEASING = YES;
				CLANG_WARN_BOOL_CONVERSION = YES;
				CLANG_WARN_COMMA = YES;
				CLANG_WARN_CONSTANT_CONVERSION = YES;
				CLANG_WARN_DEPRECATED_OBJC_IMPLEMENTATIONS = YES;
				CLANG_WARN_DIRECT_OBJC_ISA_USAGE = YES_ERROR;
				CLANG_WARN_DOCUMENTATION_COMMENTS = YES;
				CLANG_WARN_EMPTY_BODY = YES;
				CLANG_WARN_ENUM_CONVERSION = YES;
				CLANG_WARN_INFINITE_RECURSION = YES;
				CLANG_WARN_INT_CONVERSION = YES;
				CLANG_WARN_NON_LITERAL_NULL_CONVERSION = YES;
				CLANG_WARN_OBJC_IMPLICIT_RETAIN_SELF = YES;
				CLANG_WARN_OBJC_LITERAL_CONVERSION = YES;
				CLANG_WARN_OBJC_ROOT_CLASS = YES_ERROR;
				CLANG_WARN_RANGE_LOOP_ANALYSIS = YES;
				CLANG_WARN_STRICT_PROTOTYPES = YES;
				CLANG_WARN_SUSPICIOUS_MOVE = YES;
				CLANG_WARN_UNGUARDED_AVAILABILITY = YES_AGGRESSIVE;
				CLANG_WARN_UNREACHABLE_CODE = YES;
				CLANG_WARN__DUPLICATE_METHOD_MATCH = YES;
				CODE_SIGN_IDENTITY = "iPhone Developer";
				COPY_PHASE_STRIP = NO;
				DEBUG_INFORMATION_FORMAT = dwarf;
				ENABLE_STRICT_OBJC_MSGSEND = YES;
				ENABLE_TESTABILITY = YES;
				GCC_C_LANGUAGE_STANDARD = gnu11;
				GCC_DYNAMIC_NO_PIC = NO;
				GCC_NO_COMMON_BLOCKS = YES;
				GCC_OPTIMIZATION_LEVEL = 0;
				GCC_PREPROCESSOR_DEFINITIONS = (
					"DEBUG=1",
					"$(inherited)",
				);
				GCC_WARN_64_TO_32_BIT_CONVERSION = YES;
				GCC_WARN_ABOUT_RETURN_TYPE = YES_ERROR;
				GCC_WARN_UNDECLARED_SELECTOR = YES;
				GCC_WARN_UNINITIALIZED_AUTOS = YES_AGGRESSIVE;
				GCC_WARN_UNUSED_FUNCTION = YES;
				GCC_WARN_UNUSED_VARIABLE = YES;
				IPHONEOS_DEPLOYMENT_TARGET = 12.1;
				MTL_ENABLE_DEBUG_INFO = INCLUDE_SOURCE;
				MTL_FAST_MATH = YES;
				ONLY_ACTIVE_ARCH = YES;
				SDKROOT = iphoneos;
				SWIFT_ACTIVE_COMPILATION_CONDITIONS = DEBUG;
				SWIFT_OPTIMIZATION_LEVEL = "-Onone";
			};
			name = Debug;
		};
		BBC974FB240D8DFC006F6766 /* Release */ = {
			isa = XCBuildConfiguration;
			buildSettings = {
				ALWAYS_SEARCH_USER_PATHS = NO;
				CLANG_ANALYZER_NONNULL = YES;
				CLANG_ANALYZER_NUMBER_OBJECT_CONVERSION = YES_AGGRESSIVE;
				CLANG_CXX_LANGUAGE_STANDARD = "gnu++14";
				CLANG_CXX_LIBRARY = "libc++";
				CLANG_ENABLE_MODULES = YES;
				CLANG_ENABLE_OBJC_ARC = YES;
				CLANG_ENABLE_OBJC_WEAK = YES;
				CLANG_WARN_BLOCK_CAPTURE_AUTORELEASING = YES;
				CLANG_WARN_BOOL_CONVERSION = YES;
				CLANG_WARN_COMMA = YES;
				CLANG_WARN_CONSTANT_CONVERSION = YES;
				CLANG_WARN_DEPRECATED_OBJC_IMPLEMENTATIONS = YES;
				CLANG_WARN_DIRECT_OBJC_ISA_USAGE = YES_ERROR;
				CLANG_WARN_DOCUMENTATION_COMMENTS = YES;
				CLANG_WARN_EMPTY_BODY = YES;
				CLANG_WARN_ENUM_CONVERSION = YES;
				CLANG_WARN_INFINITE_RECURSION = YES;
				CLANG_WARN_INT_CONVERSION = YES;
				CLANG_WARN_NON_LITERAL_NULL_CONVERSION = YES;
				CLANG_WARN_OBJC_IMPLICIT_RETAIN_SELF = YES;
				CLANG_WARN_OBJC_LITERAL_CONVERSION = YES;
				CLANG_WARN_OBJC_ROOT_CLASS = YES_ERROR;
				CLANG_WARN_RANGE_LOOP_ANALYSIS = YES;
				CLANG_WARN_STRICT_PROTOTYPES = YES;
				CLANG_WARN_SUSPICIOUS_MOVE = YES;
				CLANG_WARN_UNGUARDED_AVAILABILITY = YES_AGGRESSIVE;
				CLANG_WARN_UNREACHABLE_CODE = YES;
				CLANG_WARN__DUPLICATE_METHOD_MATCH = YES;
				CODE_SIGN_IDENTITY = "iPhone Developer";
				COPY_PHASE_STRIP = NO;
				DEBUG_INFORMATION_FORMAT = "dwarf-with-dsym";
				ENABLE_NS_ASSERTIONS = NO;
				ENABLE_STRICT_OBJC_MSGSEND = YES;
				GCC_C_LANGUAGE_STANDARD = gnu11;
				GCC_NO_COMMON_BLOCKS = YES;
				GCC_WARN_64_TO_32_BIT_CONVERSION = YES;
				GCC_WARN_ABOUT_RETURN_TYPE = YES_ERROR;
				GCC_WARN_UNDECLARED_SELECTOR = YES;
				GCC_WARN_UNINITIALIZED_AUTOS = YES_AGGRESSIVE;
				GCC_WARN_UNUSED_FUNCTION = YES;
				GCC_WARN_UNUSED_VARIABLE = YES;
				IPHONEOS_DEPLOYMENT_TARGET = 12.1;
				MTL_ENABLE_DEBUG_INFO = NO;
				MTL_FAST_MATH = YES;
				SDKROOT = iphoneos;
				SWIFT_COMPILATION_MODE = wholemodule;
				SWIFT_OPTIMIZATION_LEVEL = "-O";
				VALIDATE_PRODUCT = YES;
			};
			name = Release;
		};
		BBC974FD240D8DFC006F6766 /* Debug */ = {
			isa = XCBuildConfiguration;
			buildSettings = {
				ASSETCATALOG_COMPILER_APPICON_NAME = AppIcon;
				CODE_SIGN_STYLE = Automatic;
				DEVELOPMENT_TEAM = 945HKP3HLP;
				INFOPLIST_FILE = MyDream/Info.plist;
				LD_RUNPATH_SEARCH_PATHS = (
					"$(inherited)",
					"@executable_path/Frameworks",
				);
				PRODUCT_BUNDLE_IDENTIFIER = kr.cau.MyDream;
				PRODUCT_NAME = "$(TARGET_NAME)";
				SWIFT_VERSION = 4.2;
				TARGETED_DEVICE_FAMILY = 1;
			};
			name = Debug;
		};
		BBC974FE240D8DFC006F6766 /* Release */ = {
			isa = XCBuildConfiguration;
			buildSettings = {
				ASSETCATALOG_COMPILER_APPICON_NAME = AppIcon;
				CODE_SIGN_STYLE = Automatic;
				DEVELOPMENT_TEAM = 945HKP3HLP;
				INFOPLIST_FILE = MyDream/Info.plist;
				LD_RUNPATH_SEARCH_PATHS = (
					"$(inherited)",
					"@executable_path/Frameworks",
				);
				PRODUCT_BUNDLE_IDENTIFIER = kr.cau.MyDream;
				PRODUCT_NAME = "$(TARGET_NAME)";
				SWIFT_VERSION = 4.2;
				TARGETED_DEVICE_FAMILY = 1;
			};
			name = Release;
		};
		BBC97500240D8DFC006F6766 /* Debug */ = {
			isa = XCBuildConfiguration;
			buildSettings = {
				ALWAYS_EMBED_SWIFT_STANDARD_LIBRARIES = YES;
				BUNDLE_LOADER = "$(TEST_HOST)";
				CODE_SIGN_STYLE = Automatic;
				INFOPLIST_FILE = MyDreamTests/Info.plist;
				LD_RUNPATH_SEARCH_PATHS = (
					"$(inherited)",
					"@executable_path/Frameworks",
					"@loader_path/Frameworks",
				);
				PRODUCT_BUNDLE_IDENTIFIER = kr.cau.MyDreamTests;
				PRODUCT_NAME = "$(TARGET_NAME)";
				SWIFT_VERSION = 4.2;
				TARGETED_DEVICE_FAMILY = "1,2";
				TEST_HOST = "$(BUILT_PRODUCTS_DIR)/MyDream.app/MyDream";
			};
			name = Debug;
		};
		BBC97501240D8DFC006F6766 /* Release */ = {
			isa = XCBuildConfiguration;
			buildSettings = {
				ALWAYS_EMBED_SWIFT_STANDARD_LIBRARIES = YES;
				BUNDLE_LOADER = "$(TEST_HOST)";
				CODE_SIGN_STYLE = Automatic;
				INFOPLIST_FILE = MyDreamTests/Info.plist;
				LD_RUNPATH_SEARCH_PATHS = (
					"$(inherited)",
					"@executable_path/Frameworks",
					"@loader_path/Frameworks",
				);
				PRODUCT_BUNDLE_IDENTIFIER = kr.cau.MyDreamTests;
				PRODUCT_NAME = "$(TARGET_NAME)";
				SWIFT_VERSION = 4.2;
				TARGETED_DEVICE_FAMILY = "1,2";
				TEST_HOST = "$(BUILT_PRODUCTS_DIR)/MyDream.app/MyDream";
			};
			name = Release;
		};
		BBC97503240D8DFC006F6766 /* Debug */ = {
			isa = XCBuildConfiguration;
			buildSettings = {
				ALWAYS_EMBED_SWIFT_STANDARD_LIBRARIES = YES;
				CODE_SIGN_STYLE = Automatic;
				INFOPLIST_FILE = MyDreamUITests/Info.plist;
				LD_RUNPATH_SEARCH_PATHS = (
					"$(inherited)",
					"@executable_path/Frameworks",
					"@loader_path/Frameworks",
				);
				PRODUCT_BUNDLE_IDENTIFIER = kr.cau.MyDreamUITests;
				PRODUCT_NAME = "$(TARGET_NAME)";
				SWIFT_VERSION = 4.2;
				TARGETED_DEVICE_FAMILY = "1,2";
				TEST_TARGET_NAME = MyDream;
			};
			name = Debug;
		};
		BBC97504240D8DFC006F6766 /* Release */ = {
			isa = XCBuildConfiguration;
			buildSettings = {
				ALWAYS_EMBED_SWIFT_STANDARD_LIBRARIES = YES;
				CODE_SIGN_STYLE = Automatic;
				INFOPLIST_FILE = MyDreamUITests/Info.plist;
				LD_RUNPATH_SEARCH_PATHS = (
					"$(inherited)",
					"@executable_path/Frameworks",
					"@loader_path/Frameworks",
				);
				PRODUCT_BUNDLE_IDENTIFIER = kr.cau.MyDreamUITests;
				PRODUCT_NAME = "$(TARGET_NAME)";
				SWIFT_VERSION = 4.2;
				TARGETED_DEVICE_FAMILY = "1,2";
				TEST_TARGET_NAME = MyDream;
			};
			name = Release;
		};
/* End XCBuildConfiguration section */

/* Begin XCConfigurationList section */
		BBC974CF240D8DF8006F6766 /* Build configuration list for PBXProject "MyDream" */ = {
			isa = XCConfigurationList;
			buildConfigurations = (
				BBC974FA240D8DFC006F6766 /* Debug */,
				BBC974FB240D8DFC006F6766 /* Release */,
			);
			defaultConfigurationIsVisible = 0;
			defaultConfigurationName = Release;
		};
		BBC974FC240D8DFC006F6766 /* Build configuration list for PBXNativeTarget "MyDream" */ = {
			isa = XCConfigurationList;
			buildConfigurations = (
				BBC974FD240D8DFC006F6766 /* Debug */,
				BBC974FE240D8DFC006F6766 /* Release */,
			);
			defaultConfigurationIsVisible = 0;
			defaultConfigurationName = Release;
		};
		BBC974FF240D8DFC006F6766 /* Build configuration list for PBXNativeTarget "MyDreamTests" */ = {
			isa = XCConfigurationList;
			buildConfigurations = (
				BBC97500240D8DFC006F6766 /* Debug */,
				BBC97501240D8DFC006F6766 /* Release */,
			);
			defaultConfigurationIsVisible = 0;
			defaultConfigurationName = Release;
		};
		BBC97502240D8DFC006F6766 /* Build configuration list for PBXNativeTarget "MyDreamUITests" */ = {
			isa = XCConfigurationList;
			buildConfigurations = (
				BBC97503240D8DFC006F6766 /* Debug */,
				BBC97504240D8DFC006F6766 /* Release */,
			);
			defaultConfigurationIsVisible = 0;
			defaultConfigurationName = Release;
		};
/* End XCConfigurationList section */
	};
	rootObject = BBC974CC240D8DF8006F6766 /* Project object */;
}
