// !$*UTF8*$!
{
	archiveVersion = 1;
	classes = {
	};
	objectVersion = 50;
	objects = {

/* Begin PBXBuildFile section */
		BBC975B2240EFD90006F6766 /* AppDelegate.swift in Sources */ = {isa = PBXBuildFile; fileRef = BBC975B1240EFD90006F6766 /* AppDelegate.swift */; };
		BBC975B4240EFD90006F6766 /* ViewController.swift in Sources */ = {isa = PBXBuildFile; fileRef = BBC975B3240EFD90006F6766 /* ViewController.swift */; };
		BBC975B7240EFD90006F6766 /* Main.storyboard in Resources */ = {isa = PBXBuildFile; fileRef = BBC975B5240EFD90006F6766 /* Main.storyboard */; };
		BBC975B9240EFD92006F6766 /* Assets.xcassets in Resources */ = {isa = PBXBuildFile; fileRef = BBC975B8240EFD92006F6766 /* Assets.xcassets */; };
		BBC975BC240EFD92006F6766 /* LaunchScreen.storyboard in Resources */ = {isa = PBXBuildFile; fileRef = BBC975BA240EFD92006F6766 /* LaunchScreen.storyboard */; };
		BBC975C7240EFD92006F6766 /* LoggingTests.swift in Sources */ = {isa = PBXBuildFile; fileRef = BBC975C6240EFD92006F6766 /* LoggingTests.swift */; };
		BBC975D2240EFD92006F6766 /* LoggingUITests.swift in Sources */ = {isa = PBXBuildFile; fileRef = BBC975D1240EFD92006F6766 /* LoggingUITests.swift */; };
/* End PBXBuildFile section */

/* Begin PBXContainerItemProxy section */
		BBC975C3240EFD92006F6766 /* PBXContainerItemProxy */ = {
			isa = PBXContainerItemProxy;
			containerPortal = BBC975A6240EFD90006F6766 /* Project object */;
			proxyType = 1;
			remoteGlobalIDString = BBC975AD240EFD90006F6766;
			remoteInfo = Logging;
		};
		BBC975CE240EFD92006F6766 /* PBXContainerItemProxy */ = {
			isa = PBXContainerItemProxy;
			containerPortal = BBC975A6240EFD90006F6766 /* Project object */;
			proxyType = 1;
			remoteGlobalIDString = BBC975AD240EFD90006F6766;
			remoteInfo = Logging;
		};
/* End PBXContainerItemProxy section */

/* Begin PBXFileReference section */
		BBC975AE240EFD90006F6766 /* Logging.app */ = {isa = PBXFileReference; explicitFileType = wrapper.application; includeInIndex = 0; path = Logging.app; sourceTree = BUILT_PRODUCTS_DIR; };
		BBC975B1240EFD90006F6766 /* AppDelegate.swift */ = {isa = PBXFileReference; lastKnownFileType = sourcecode.swift; path = AppDelegate.swift; sourceTree = "<group>"; };
		BBC975B3240EFD90006F6766 /* ViewController.swift */ = {isa = PBXFileReference; lastKnownFileType = sourcecode.swift; path = ViewController.swift; sourceTree = "<group>"; };
		BBC975B6240EFD90006F6766 /* Base */ = {isa = PBXFileReference; lastKnownFileType = file.storyboard; name = Base; path = Base.lproj/Main.storyboard; sourceTree = "<group>"; };
		BBC975B8240EFD92006F6766 /* Assets.xcassets */ = {isa = PBXFileReference; lastKnownFileType = folder.assetcatalog; path = Assets.xcassets; sourceTree = "<group>"; };
		BBC975BB240EFD92006F6766 /* Base */ = {isa = PBXFileReference; lastKnownFileType = file.storyboard; name = Base; path = Base.lproj/LaunchScreen.storyboard; sourceTree = "<group>"; };
		BBC975BD240EFD92006F6766 /* Info.plist */ = {isa = PBXFileReference; lastKnownFileType = text.plist.xml; path = Info.plist; sourceTree = "<group>"; };
		BBC975C2240EFD92006F6766 /* LoggingTests.xctest */ = {isa = PBXFileReference; explicitFileType = wrapper.cfbundle; includeInIndex = 0; path = LoggingTests.xctest; sourceTree = BUILT_PRODUCTS_DIR; };
		BBC975C6240EFD92006F6766 /* LoggingTests.swift */ = {isa = PBXFileReference; lastKnownFileType = sourcecode.swift; path = LoggingTests.swift; sourceTree = "<group>"; };
		BBC975C8240EFD92006F6766 /* Info.plist */ = {isa = PBXFileReference; lastKnownFileType = text.plist.xml; path = Info.plist; sourceTree = "<group>"; };
		BBC975CD240EFD92006F6766 /* LoggingUITests.xctest */ = {isa = PBXFileReference; explicitFileType = wrapper.cfbundle; includeInIndex = 0; path = LoggingUITests.xctest; sourceTree = BUILT_PRODUCTS_DIR; };
		BBC975D1240EFD92006F6766 /* LoggingUITests.swift */ = {isa = PBXFileReference; lastKnownFileType = sourcecode.swift; path = LoggingUITests.swift; sourceTree = "<group>"; };
		BBC975D3240EFD92006F6766 /* Info.plist */ = {isa = PBXFileReference; lastKnownFileType = text.plist.xml; path = Info.plist; sourceTree = "<group>"; };
/* End PBXFileReference section */

/* Begin PBXFrameworksBuildPhase section */
		BBC975AB240EFD90006F6766 /* Frameworks */ = {
			isa = PBXFrameworksBuildPhase;
			buildActionMask = 2147483647;
			files = (
			);
			runOnlyForDeploymentPostprocessing = 0;
		};
		BBC975BF240EFD92006F6766 /* Frameworks */ = {
			isa = PBXFrameworksBuildPhase;
			buildActionMask = 2147483647;
			files = (
			);
			runOnlyForDeploymentPostprocessing = 0;
		};
		BBC975CA240EFD92006F6766 /* Frameworks */ = {
			isa = PBXFrameworksBuildPhase;
			buildActionMask = 2147483647;
			files = (
			);
			runOnlyForDeploymentPostprocessing = 0;
		};
/* End PBXFrameworksBuildPhase section */

/* Begin PBXGroup section */
		BBC975A5240EFD90006F6766 = {
			isa = PBXGroup;
			children = (
				BBC975B0240EFD90006F6766 /* Logging */,
				BBC975C5240EFD92006F6766 /* LoggingTests */,
				BBC975D0240EFD92006F6766 /* LoggingUITests */,
				BBC975AF240EFD90006F6766 /* Products */,
			);
			sourceTree = "<group>";
		};
		BBC975AF240EFD90006F6766 /* Products */ = {
			isa = PBXGroup;
			children = (
				BBC975AE240EFD90006F6766 /* Logging.app */,
				BBC975C2240EFD92006F6766 /* LoggingTests.xctest */,
				BBC975CD240EFD92006F6766 /* LoggingUITests.xctest */,
			);
			name = Products;
			sourceTree = "<group>";
		};
		BBC975B0240EFD90006F6766 /* Logging */ = {
			isa = PBXGroup;
			children = (
				BBC975B1240EFD90006F6766 /* AppDelegate.swift */,
				BBC975B3240EFD90006F6766 /* ViewController.swift */,
				BBC975B5240EFD90006F6766 /* Main.storyboard */,
				BBC975B8240EFD92006F6766 /* Assets.xcassets */,
				BBC975BA240EFD92006F6766 /* LaunchScreen.storyboard */,
				BBC975BD240EFD92006F6766 /* Info.plist */,
			);
			path = Logging;
			sourceTree = "<group>";
		};
		BBC975C5240EFD92006F6766 /* LoggingTests */ = {
			isa = PBXGroup;
			children = (
				BBC975C6240EFD92006F6766 /* LoggingTests.swift */,
				BBC975C8240EFD92006F6766 /* Info.plist */,
			);
			path = LoggingTests;
			sourceTree = "<group>";
		};
		BBC975D0240EFD92006F6766 /* LoggingUITests */ = {
			isa = PBXGroup;
			children = (
				BBC975D1240EFD92006F6766 /* LoggingUITests.swift */,
				BBC975D3240EFD92006F6766 /* Info.plist */,
			);
			path = LoggingUITests;
			sourceTree = "<group>";
		};
/* End PBXGroup section */

/* Begin PBXNativeTarget section */
		BBC975AD240EFD90006F6766 /* Logging */ = {
			isa = PBXNativeTarget;
			buildConfigurationList = BBC975D6240EFD92006F6766 /* Build configuration list for PBXNativeTarget "Logging" */;
			buildPhases = (
				BBC975AA240EFD90006F6766 /* Sources */,
				BBC975AB240EFD90006F6766 /* Frameworks */,
				BBC975AC240EFD90006F6766 /* Resources */,
			);
			buildRules = (
			);
			dependencies = (
			);
			name = Logging;
			productName = Logging;
			productReference = BBC975AE240EFD90006F6766 /* Logging.app */;
			productType = "com.apple.product-type.application";
		};
		BBC975C1240EFD92006F6766 /* LoggingTests */ = {
			isa = PBXNativeTarget;
			buildConfigurationList = BBC975D9240EFD92006F6766 /* Build configuration list for PBXNativeTarget "LoggingTests" */;
			buildPhases = (
				BBC975BE240EFD92006F6766 /* Sources */,
				BBC975BF240EFD92006F6766 /* Frameworks */,
				BBC975C0240EFD92006F6766 /* Resources */,
			);
			buildRules = (
			);
			dependencies = (
				BBC975C4240EFD92006F6766 /* PBXTargetDependency */,
			);
			name = LoggingTests;
			productName = LoggingTests;
			productReference = BBC975C2240EFD92006F6766 /* LoggingTests.xctest */;
			productType = "com.apple.product-type.bundle.unit-test";
		};
		BBC975CC240EFD92006F6766 /* LoggingUITests */ = {
			isa = PBXNativeTarget;
			buildConfigurationList = BBC975DC240EFD92006F6766 /* Build configuration list for PBXNativeTarget "LoggingUITests" */;
			buildPhases = (
				BBC975C9240EFD92006F6766 /* Sources */,
				BBC975CA240EFD92006F6766 /* Frameworks */,
				BBC975CB240EFD92006F6766 /* Resources */,
			);
			buildRules = (
			);
			dependencies = (
				BBC975CF240EFD92006F6766 /* PBXTargetDependency */,
			);
			name = LoggingUITests;
			productName = LoggingUITests;
			productReference = BBC975CD240EFD92006F6766 /* LoggingUITests.xctest */;
			productType = "com.apple.product-type.bundle.ui-testing";
		};
/* End PBXNativeTarget section */

/* Begin PBXProject section */
		BBC975A6240EFD90006F6766 /* Project object */ = {
			isa = PBXProject;
			attributes = {
				LastSwiftUpdateCheck = 1010;
				LastUpgradeCheck = 1010;
				ORGANIZATIONNAME = "임원선";
				TargetAttributes = {
					BBC975AD240EFD90006F6766 = {
						CreatedOnToolsVersion = 10.1;
					};
					BBC975C1240EFD92006F6766 = {
						CreatedOnToolsVersion = 10.1;
						TestTargetID = BBC975AD240EFD90006F6766;
					};
					BBC975CC240EFD92006F6766 = {
						CreatedOnToolsVersion = 10.1;
						TestTargetID = BBC975AD240EFD90006F6766;
					};
				};
			};
			buildConfigurationList = BBC975A9240EFD90006F6766 /* Build configuration list for PBXProject "Logging" */;
			compatibilityVersion = "Xcode 9.3";
			developmentRegion = en;
			hasScannedForEncodings = 0;
			knownRegions = (
				en,
				Base,
			);
			mainGroup = BBC975A5240EFD90006F6766;
			productRefGroup = BBC975AF240EFD90006F6766 /* Products */;
			projectDirPath = "";
			projectRoot = "";
			targets = (
				BBC975AD240EFD90006F6766 /* Logging */,
				BBC975C1240EFD92006F6766 /* LoggingTests */,
				BBC975CC240EFD92006F6766 /* LoggingUITests */,
			);
		};
/* End PBXProject section */

/* Begin PBXResourcesBuildPhase section */
		BBC975AC240EFD90006F6766 /* Resources */ = {
			isa = PBXResourcesBuildPhase;
			buildActionMask = 2147483647;
			files = (
				BBC975BC240EFD92006F6766 /* LaunchScreen.storyboard in Resources */,
				BBC975B9240EFD92006F6766 /* Assets.xcassets in Resources */,
				BBC975B7240EFD90006F6766 /* Main.storyboard in Resources */,
			);
			runOnlyForDeploymentPostprocessing = 0;
		};
		BBC975C0240EFD92006F6766 /* Resources */ = {
			isa = PBXResourcesBuildPhase;
			buildActionMask = 2147483647;
			files = (
			);
			runOnlyForDeploymentPostprocessing = 0;
		};
		BBC975CB240EFD92006F6766 /* Resources */ = {
			isa = PBXResourcesBuildPhase;
			buildActionMask = 2147483647;
			files = (
			);
			runOnlyForDeploymentPostprocessing = 0;
		};
/* End PBXResourcesBuildPhase section */

/* Begin PBXSourcesBuildPhase section */
		BBC975AA240EFD90006F6766 /* Sources */ = {
			isa = PBXSourcesBuildPhase;
			buildActionMask = 2147483647;
			files = (
				BBC975B4240EFD90006F6766 /* ViewController.swift in Sources */,
				BBC975B2240EFD90006F6766 /* AppDelegate.swift in Sources */,
			);
			runOnlyForDeploymentPostprocessing = 0;
		};
		BBC975BE240EFD92006F6766 /* Sources */ = {
			isa = PBXSourcesBuildPhase;
			buildActionMask = 2147483647;
			files = (
				BBC975C7240EFD92006F6766 /* LoggingTests.swift in Sources */,
			);
			runOnlyForDeploymentPostprocessing = 0;
		};
		BBC975C9240EFD92006F6766 /* Sources */ = {
			isa = PBXSourcesBuildPhase;
			buildActionMask = 2147483647;
			files = (
				BBC975D2240EFD92006F6766 /* LoggingUITests.swift in Sources */,
			);
			runOnlyForDeploymentPostprocessing = 0;
		};
/* End PBXSourcesBuildPhase section */

/* Begin PBXTargetDependency section */
		BBC975C4240EFD92006F6766 /* PBXTargetDependency */ = {
			isa = PBXTargetDependency;
			target = BBC975AD240EFD90006F6766 /* Logging */;
			targetProxy = BBC975C3240EFD92006F6766 /* PBXContainerItemProxy */;
		};
		BBC975CF240EFD92006F6766 /* PBXTargetDependency */ = {
			isa = PBXTargetDependency;
			target = BBC975AD240EFD90006F6766 /* Logging */;
			targetProxy = BBC975CE240EFD92006F6766 /* PBXContainerItemProxy */;
		};
/* End PBXTargetDependency section */

/* Begin PBXVariantGroup section */
		BBC975B5240EFD90006F6766 /* Main.storyboard */ = {
			isa = PBXVariantGroup;
			children = (
				BBC975B6240EFD90006F6766 /* Base */,
			);
			name = Main.storyboard;
			sourceTree = "<group>";
		};
		BBC975BA240EFD92006F6766 /* LaunchScreen.storyboard */ = {
			isa = PBXVariantGroup;
			children = (
				BBC975BB240EFD92006F6766 /* Base */,
			);
			name = LaunchScreen.storyboard;
			sourceTree = "<group>";
		};
/* End PBXVariantGroup section */

/* Begin XCBuildConfiguration section */
		BBC975D4240EFD92006F6766 /* Debug */ = {
			isa = XCBuildConfiguration;
			buildSettings = {
				ALWAYS_SEARCH_USER_PATHS = NO;
				CLANG_ANALYZER_NONNULL = YES;
				CLANG_ANALYZER_NUMBER_OBJECT_CONVERSION = YES_AGGRESSIVE;
				CLANG_CXX_LANGUAGE_STANDARD = "gnu++14";
				CLANG_CXX_LIBRARY = "libc++";
				CLANG_ENABLE_MODULES = YES;
				CLANG_ENABLE_OBJC_ARC = YES;
				CLANG_ENABLE_OBJC_WEAK = YES;
				CLANG_WARN_BLOCK_CAPTURE_AUTORELEASING = YES;
				CLANG_WARN_BOOL_CONVERSION = YES;
				CLANG_WARN_COMMA = YES;
				CLANG_WARN_CONSTANT_CONVERSION = YES;
				CLANG_WARN_DEPRECATED_OBJC_IMPLEMENTATIONS = YES;
				CLANG_WARN_DIRECT_OBJC_ISA_USAGE = YES_ERROR;
				CLANG_WARN_DOCUMENTATION_COMMENTS = YES;
				CLANG_WARN_EMPTY_BODY = YES;
				CLANG_WARN_ENUM_CONVERSION = YES;
				CLANG_WARN_INFINITE_RECURSION = YES;
				CLANG_WARN_INT_CONVERSION = YES;
				CLANG_WARN_NON_LITERAL_NULL_CONVERSION = YES;
				CLANG_WARN_OBJC_IMPLICIT_RETAIN_SELF = YES;
				CLANG_WARN_OBJC_LITERAL_CONVERSION = YES;
				CLANG_WARN_OBJC_ROOT_CLASS = YES_ERROR;
				CLANG_WARN_RANGE_LOOP_ANALYSIS = YES;
				CLANG_WARN_STRICT_PROTOTYPES = YES;
				CLANG_WARN_SUSPICIOUS_MOVE = YES;
				CLANG_WARN_UNGUARDED_AVAILABILITY = YES_AGGRESSIVE;
				CLANG_WARN_UNREACHABLE_CODE = YES;
				CLANG_WARN__DUPLICATE_METHOD_MATCH = YES;
				CODE_SIGN_IDENTITY = "iPhone Developer";
				COPY_PHASE_STRIP = NO;
				DEBUG_INFORMATION_FORMAT = dwarf;
				ENABLE_STRICT_OBJC_MSGSEND = YES;
				ENABLE_TESTABILITY = YES;
				GCC_C_LANGUAGE_STANDARD = gnu11;
				GCC_DYNAMIC_NO_PIC = NO;
				GCC_NO_COMMON_BLOCKS = YES;
				GCC_OPTIMIZATION_LEVEL = 0;
				GCC_PREPROCESSOR_DEFINITIONS = (
					"DEBUG=1",
					"$(inherited)",
				);
				GCC_WARN_64_TO_32_BIT_CONVERSION = YES;
				GCC_WARN_ABOUT_RETURN_TYPE = YES_ERROR;
				GCC_WARN_UNDECLARED_SELECTOR = YES;
				GCC_WARN_UNINITIALIZED_AUTOS = YES_AGGRESSIVE;
				GCC_WARN_UNUSED_FUNCTION = YES;
				GCC_WARN_UNUSED_VARIABLE = YES;
				IPHONEOS_DEPLOYMENT_TARGET = 12.1;
				MTL_ENABLE_DEBUG_INFO = INCLUDE_SOURCE;
				MTL_FAST_MATH = YES;
				ONLY_ACTIVE_ARCH = YES;
				SDKROOT = iphoneos;
				SWIFT_ACTIVE_COMPILATION_CONDITIONS = DEBUG;
				SWIFT_OPTIMIZATION_LEVEL = "-Onone";
			};
			name = Debug;
		};
		BBC975D5240EFD92006F6766 /* Release */ = {
			isa = XCBuildConfiguration;
			buildSettings = {
				ALWAYS_SEARCH_USER_PATHS = NO;
				CLANG_ANALYZER_NONNULL = YES;
				CLANG_ANALYZER_NUMBER_OBJECT_CONVERSION = YES_AGGRESSIVE;
				CLANG_CXX_LANGUAGE_STANDARD = "gnu++14";
				CLANG_CXX_LIBRARY = "libc++";
				CLANG_ENABLE_MODULES = YES;
				CLANG_ENABLE_OBJC_ARC = YES;
				CLANG_ENABLE_OBJC_WEAK = YES;
				CLANG_WARN_BLOCK_CAPTURE_AUTORELEASING = YES;
				CLANG_WARN_BOOL_CONVERSION = YES;
				CLANG_WARN_COMMA = YES;
				CLANG_WARN_CONSTANT_CONVERSION = YES;
				CLANG_WARN_DEPRECATED_OBJC_IMPLEMENTATIONS = YES;
				CLANG_WARN_DIRECT_OBJC_ISA_USAGE = YES_ERROR;
				CLANG_WARN_DOCUMENTATION_COMMENTS = YES;
				CLANG_WARN_EMPTY_BODY = YES;
				CLANG_WARN_ENUM_CONVERSION = YES;
				CLANG_WARN_INFINITE_RECURSION = YES;
				CLANG_WARN_INT_CONVERSION = YES;
				CLANG_WARN_NON_LITERAL_NULL_CONVERSION = YES;
				CLANG_WARN_OBJC_IMPLICIT_RETAIN_SELF = YES;
				CLANG_WARN_OBJC_LITERAL_CONVERSION = YES;
				CLANG_WARN_OBJC_ROOT_CLASS = YES_ERROR;
				CLANG_WARN_RANGE_LOOP_ANALYSIS = YES;
				CLANG_WARN_STRICT_PROTOTYPES = YES;
				CLANG_WARN_SUSPICIOUS_MOVE = YES;
				CLANG_WARN_UNGUARDED_AVAILABILITY = YES_AGGRESSIVE;
				CLANG_WARN_UNREACHABLE_CODE = YES;
				CLANG_WARN__DUPLICATE_METHOD_MATCH = YES;
				CODE_SIGN_IDENTITY = "iPhone Developer";
				COPY_PHASE_STRIP = NO;
				DEBUG_INFORMATION_FORMAT = "dwarf-with-dsym";
				ENABLE_NS_ASSERTIONS = NO;
				ENABLE_STRICT_OBJC_MSGSEND = YES;
				GCC_C_LANGUAGE_STANDARD = gnu11;
				GCC_NO_COMMON_BLOCKS = YES;
				GCC_WARN_64_TO_32_BIT_CONVERSION = YES;
				GCC_WARN_ABOUT_RETURN_TYPE = YES_ERROR;
				GCC_WARN_UNDECLARED_SELECTOR = YES;
				GCC_WARN_UNINITIALIZED_AUTOS = YES_AGGRESSIVE;
				GCC_WARN_UNUSED_FUNCTION = YES;
				GCC_WARN_UNUSED_VARIABLE = YES;
				IPHONEOS_DEPLOYMENT_TARGET = 12.1;
				MTL_ENABLE_DEBUG_INFO = NO;
				MTL_FAST_MATH = YES;
				SDKROOT = iphoneos;
				SWIFT_COMPILATION_MODE = wholemodule;
				SWIFT_OPTIMIZATION_LEVEL = "-O";
				VALIDATE_PRODUCT = YES;
			};
			name = Release;
		};
		BBC975D7240EFD92006F6766 /* Debug */ = {
			isa = XCBuildConfiguration;
			buildSettings = {
				ASSETCATALOG_COMPILER_APPICON_NAME = AppIcon;
				CODE_SIGN_STYLE = Automatic;
				INFOPLIST_FILE = Logging/Info.plist;
				LD_RUNPATH_SEARCH_PATHS = (
					"$(inherited)",
					"@executable_path/Frameworks",
				);
				PRODUCT_BUNDLE_IDENTIFIER = kr.cau.Logging;
				PRODUCT_NAME = "$(TARGET_NAME)";
				SWIFT_VERSION = 4.2;
				TARGETED_DEVICE_FAMILY = "1,2";
			};
			name = Debug;
		};
		BBC975D8240EFD92006F6766 /* Release */ = {
			isa = XCBuildConfiguration;
			buildSettings = {
				ASSETCATALOG_COMPILER_APPICON_NAME = AppIcon;
				CODE_SIGN_STYLE = Automatic;
				INFOPLIST_FILE = Logging/Info.plist;
				LD_RUNPATH_SEARCH_PATHS = (
					"$(inherited)",
					"@executable_path/Frameworks",
				);
				PRODUCT_BUNDLE_IDENTIFIER = kr.cau.Logging;
				PRODUCT_NAME = "$(TARGET_NAME)";
				SWIFT_VERSION = 4.2;
				TARGETED_DEVICE_FAMILY = "1,2";
			};
			name = Release;
		};
		BBC975DA240EFD92006F6766 /* Debug */ = {
			isa = XCBuildConfiguration;
			buildSettings = {
				ALWAYS_EMBED_SWIFT_STANDARD_LIBRARIES = YES;
				BUNDLE_LOADER = "$(TEST_HOST)";
				CODE_SIGN_STYLE = Automatic;
				INFOPLIST_FILE = LoggingTests/Info.plist;
				LD_RUNPATH_SEARCH_PATHS = (
					"$(inherited)",
					"@executable_path/Frameworks",
					"@loader_path/Frameworks",
				);
				PRODUCT_BUNDLE_IDENTIFIER = kr.cau.LoggingTests;
				PRODUCT_NAME = "$(TARGET_NAME)";
				SWIFT_VERSION = 4.2;
				TARGETED_DEVICE_FAMILY = "1,2";
				TEST_HOST = "$(BUILT_PRODUCTS_DIR)/Logging.app/Logging";
			};
			name = Debug;
		};
		BBC975DB240EFD92006F6766 /* Release */ = {
			isa = XCBuildConfiguration;
			buildSettings = {
				ALWAYS_EMBED_SWIFT_STANDARD_LIBRARIES = YES;
				BUNDLE_LOADER = "$(TEST_HOST)";
				CODE_SIGN_STYLE = Automatic;
				INFOPLIST_FILE = LoggingTests/Info.plist;
				LD_RUNPATH_SEARCH_PATHS = (
					"$(inherited)",
					"@executable_path/Frameworks",
					"@loader_path/Frameworks",
				);
				PRODUCT_BUNDLE_IDENTIFIER = kr.cau.LoggingTests;
				PRODUCT_NAME = "$(TARGET_NAME)";
				SWIFT_VERSION = 4.2;
				TARGETED_DEVICE_FAMILY = "1,2";
				TEST_HOST = "$(BUILT_PRODUCTS_DIR)/Logging.app/Logging";
			};
			name = Release;
		};
		BBC975DD240EFD92006F6766 /* Debug */ = {
			isa = XCBuildConfiguration;
			buildSettings = {
				ALWAYS_EMBED_SWIFT_STANDARD_LIBRARIES = YES;
				CODE_SIGN_STYLE = Automatic;
				INFOPLIST_FILE = LoggingUITests/Info.plist;
				LD_RUNPATH_SEARCH_PATHS = (
					"$(inherited)",
					"@executable_path/Frameworks",
					"@loader_path/Frameworks",
				);
				PRODUCT_BUNDLE_IDENTIFIER = kr.cau.LoggingUITests;
				PRODUCT_NAME = "$(TARGET_NAME)";
				SWIFT_VERSION = 4.2;
				TARGETED_DEVICE_FAMILY = "1,2";
				TEST_TARGET_NAME = Logging;
			};
			name = Debug;
		};
		BBC975DE240EFD92006F6766 /* Release */ = {
			isa = XCBuildConfiguration;
			buildSettings = {
				ALWAYS_EMBED_SWIFT_STANDARD_LIBRARIES = YES;
				CODE_SIGN_STYLE = Automatic;
				INFOPLIST_FILE = LoggingUITests/Info.plist;
				LD_RUNPATH_SEARCH_PATHS = (
					"$(inherited)",
					"@executable_path/Frameworks",
					"@loader_path/Frameworks",
				);
				PRODUCT_BUNDLE_IDENTIFIER = kr.cau.LoggingUITests;
				PRODUCT_NAME = "$(TARGET_NAME)";
				SWIFT_VERSION = 4.2;
				TARGETED_DEVICE_FAMILY = "1,2";
				TEST_TARGET_NAME = Logging;
			};
			name = Release;
		};
/* End XCBuildConfiguration section */

/* Begin XCConfigurationList section */
		BBC975A9240EFD90006F6766 /* Build configuration list for PBXProject "Logging" */ = {
			isa = XCConfigurationList;
			buildConfigurations = (
				BBC975D4240EFD92006F6766 /* Debug */,
				BBC975D5240EFD92006F6766 /* Release */,
			);
			defaultConfigurationIsVisible = 0;
			defaultConfigurationName = Release;
		};
		BBC975D6240EFD92006F6766 /* Build configuration list for PBXNativeTarget "Logging" */ = {
			isa = XCConfigurationList;
			buildConfigurations = (
				BBC975D7240EFD92006F6766 /* Debug */,
				BBC975D8240EFD92006F6766 /* Release */,
			);
			defaultConfigurationIsVisible = 0;
			defaultConfigurationName = Release;
		};
		BBC975D9240EFD92006F6766 /* Build configuration list for PBXNativeTarget "LoggingTests" */ = {
			isa = XCConfigurationList;
			buildConfigurations = (
				BBC975DA240EFD92006F6766 /* Debug */,
				BBC975DB240EFD92006F6766 /* Release */,
			);
			defaultConfigurationIsVisible = 0;
			defaultConfigurationName = Release;
		};
		BBC975DC240EFD92006F6766 /* Build configuration list for PBXNativeTarget "LoggingUITests" */ = {
			isa = XCConfigurationList;
			buildConfigurations = (
				BBC975DD240EFD92006F6766 /* Debug */,
				BBC975DE240EFD92006F6766 /* Release */,
			);
			defaultConfigurationIsVisible = 0;
			defaultConfigurationName = Release;
		};
/* End XCConfigurationList section */
	};
	rootObject = BBC975A6240EFD90006F6766 /* Project object */;
}
