// !$*UTF8*$!
{
	archiveVersion = 1;
	classes = {
	};
	objectVersion = 50;
	objects = {

/* Begin PBXBuildFile section */
		BBC97574240EFC09006F6766 /* AppDelegate.swift in Sources */ = {isa = PBXBuildFile; fileRef = BBC97573240EFC09006F6766 /* AppDelegate.swift */; };
		BBC97576240EFC09006F6766 /* ViewController.swift in Sources */ = {isa = PBXBuildFile; fileRef = BBC97575240EFC09006F6766 /* ViewController.swift */; };
		BBC97579240EFC09006F6766 /* Main.storyboard in Resources */ = {isa = PBXBuildFile; fileRef = BBC97577240EFC09006F6766 /* Main.storyboard */; };
		BBC9757B240EFC0B006F6766 /* Assets.xcassets in Resources */ = {isa = PBXBuildFile; fileRef = BBC9757A240EFC0B006F6766 /* Assets.xcassets */; };
		BBC9757E240EFC0B006F6766 /* LaunchScreen.storyboard in Resources */ = {isa = PBXBuildFile; fileRef = BBC9757C240EFC0B006F6766 /* LaunchScreen.storyboard */; };
		BBC97589240EFC0B006F6766 /* Util_testTests.swift in Sources */ = {isa = PBXBuildFile; fileRef = BBC97588240EFC0B006F6766 /* Util_testTests.swift */; };
		BBC97594240EFC0B006F6766 /* Util_testUITests.swift in Sources */ = {isa = PBXBuildFile; fileRef = BBC97593240EFC0B006F6766 /* Util_testUITests.swift */; };
		BBC975A2240EFC2E006F6766 /* util.framework in Frameworks */ = {isa = PBXBuildFile; fileRef = BBC975A1240EFC2D006F6766 /* util.framework */; };
		BBC975A3240EFC2E006F6766 /* util.framework in Embed Frameworks */ = {isa = PBXBuildFile; fileRef = BBC975A1240EFC2D006F6766 /* util.framework */; settings = {ATTRIBUTES = (CodeSignOnCopy, RemoveHeadersOnCopy, ); }; };
/* End PBXBuildFile section */

/* Begin PBXContainerItemProxy section */
		BBC97585240EFC0B006F6766 /* PBXContainerItemProxy */ = {
			isa = PBXContainerItemProxy;
			containerPortal = BBC97568240EFC09006F6766 /* Project object */;
			proxyType = 1;
			remoteGlobalIDString = BBC9756F240EFC09006F6766;
			remoteInfo = "Util test";
		};
		BBC97590240EFC0B006F6766 /* PBXContainerItemProxy */ = {
			isa = PBXContainerItemProxy;
			containerPortal = BBC97568240EFC09006F6766 /* Project object */;
			proxyType = 1;
			remoteGlobalIDString = BBC9756F240EFC09006F6766;
			remoteInfo = "Util test";
		};
/* End PBXContainerItemProxy section */

/* Begin PBXCopyFilesBuildPhase section */
		BBC975A4240EFC2E006F6766 /* Embed Frameworks */ = {
			isa = PBXCopyFilesBuildPhase;
			buildActionMask = 2147483647;
			dstPath = "";
			dstSubfolderSpec = 10;
			files = (
				BBC975A3240EFC2E006F6766 /* util.framework in Embed Frameworks */,
			);
			name = "Embed Frameworks";
			runOnlyForDeploymentPostprocessing = 0;
		};
/* End PBXCopyFilesBuildPhase section */

/* Begin PBXFileReference section */
		BBC97570240EFC09006F6766 /* Util test.app */ = {isa = PBXFileReference; explicitFileType = wrapper.application; includeInIndex = 0; path = "Util test.app"; sourceTree = BUILT_PRODUCTS_DIR; };
		BBC97573240EFC09006F6766 /* AppDelegate.swift */ = {isa = PBXFileReference; lastKnownFileType = sourcecode.swift; path = AppDelegate.swift; sourceTree = "<group>"; };
		BBC97575240EFC09006F6766 /* ViewController.swift */ = {isa = PBXFileReference; lastKnownFileType = sourcecode.swift; path = ViewController.swift; sourceTree = "<group>"; };
		BBC97578240EFC09006F6766 /* Base */ = {isa = PBXFileReference; lastKnownFileType = file.storyboard; name = Base; path = Base.lproj/Main.storyboard; sourceTree = "<group>"; };
		BBC9757A240EFC0B006F6766 /* Assets.xcassets */ = {isa = PBXFileReference; lastKnownFileType = folder.assetcatalog; path = Assets.xcassets; sourceTree = "<group>"; };
		BBC9757D240EFC0B006F6766 /* Base */ = {isa = PBXFileReference; lastKnownFileType = file.storyboard; name = Base; path = Base.lproj/LaunchScreen.storyboard; sourceTree = "<group>"; };
		BBC9757F240EFC0B006F6766 /* Info.plist */ = {isa = PBXFileReference; lastKnownFileType = text.plist.xml; path = Info.plist; sourceTree = "<group>"; };
		BBC97584240EFC0B006F6766 /* Util testTests.xctest */ = {isa = PBXFileReference; explicitFileType = wrapper.cfbundle; includeInIndex = 0; path = "Util testTests.xctest"; sourceTree = BUILT_PRODUCTS_DIR; };
		BBC97588240EFC0B006F6766 /* Util_testTests.swift */ = {isa = PBXFileReference; lastKnownFileType = sourcecode.swift; path = Util_testTests.swift; sourceTree = "<group>"; };
		BBC9758A240EFC0B006F6766 /* Info.plist */ = {isa = PBXFileReference; lastKnownFileType = text.plist.xml; path = Info.plist; sourceTree = "<group>"; };
		BBC9758F240EFC0B006F6766 /* Util testUITests.xctest */ = {isa = PBXFileReference; explicitFileType = wrapper.cfbundle; includeInIndex = 0; path = "Util testUITests.xctest"; sourceTree = BUILT_PRODUCTS_DIR; };
		BBC97593240EFC0B006F6766 /* Util_testUITests.swift */ = {isa = PBXFileReference; lastKnownFileType = sourcecode.swift; path = Util_testUITests.swift; sourceTree = "<group>"; };
		BBC97595240EFC0B006F6766 /* Info.plist */ = {isa = PBXFileReference; lastKnownFileType = text.plist.xml; path = Info.plist; sourceTree = "<group>"; };
		BBC975A1240EFC2D006F6766 /* util.framework */ = {isa = PBXFileReference; lastKnownFileType = wrapper.framework; path = util.framework; sourceTree = "<group>"; };
/* End PBXFileReference section */

/* Begin PBXFrameworksBuildPhase section */
		BBC9756D240EFC09006F6766 /* Frameworks */ = {
			isa = PBXFrameworksBuildPhase;
			buildActionMask = 2147483647;
			files = (
				BBC975A2240EFC2E006F6766 /* util.framework in Frameworks */,
			);
			runOnlyForDeploymentPostprocessing = 0;
		};
		BBC97581240EFC0B006F6766 /* Frameworks */ = {
			isa = PBXFrameworksBuildPhase;
			buildActionMask = 2147483647;
			files = (
			);
			runOnlyForDeploymentPostprocessing = 0;
		};
		BBC9758C240EFC0B006F6766 /* Frameworks */ = {
			isa = PBXFrameworksBuildPhase;
			buildActionMask = 2147483647;
			files = (
			);
			runOnlyForDeploymentPostprocessing = 0;
		};
/* End PBXFrameworksBuildPhase section */

/* Begin PBXGroup section */
		BBC97567240EFC09006F6766 = {
			isa = PBXGroup;
			children = (
				BBC975A1240EFC2D006F6766 /* util.framework */,
				BBC97572240EFC09006F6766 /* Util test */,
				BBC97587240EFC0B006F6766 /* Util testTests */,
				BBC97592240EFC0B006F6766 /* Util testUITests */,
				BBC97571240EFC09006F6766 /* Products */,
			);
			sourceTree = "<group>";
		};
		BBC97571240EFC09006F6766 /* Products */ = {
			isa = PBXGroup;
			children = (
				BBC97570240EFC09006F6766 /* Util test.app */,
				BBC97584240EFC0B006F6766 /* Util testTests.xctest */,
				BBC9758F240EFC0B006F6766 /* Util testUITests.xctest */,
			);
			name = Products;
			sourceTree = "<group>";
		};
		BBC97572240EFC09006F6766 /* Util test */ = {
			isa = PBXGroup;
			children = (
				BBC97573240EFC09006F6766 /* AppDelegate.swift */,
				BBC97575240EFC09006F6766 /* ViewController.swift */,
				BBC97577240EFC09006F6766 /* Main.storyboard */,
				BBC9757A240EFC0B006F6766 /* Assets.xcassets */,
				BBC9757C240EFC0B006F6766 /* LaunchScreen.storyboard */,
				BBC9757F240EFC0B006F6766 /* Info.plist */,
			);
			path = "Util test";
			sourceTree = "<group>";
		};
		BBC97587240EFC0B006F6766 /* Util testTests */ = {
			isa = PBXGroup;
			children = (
				BBC97588240EFC0B006F6766 /* Util_testTests.swift */,
				BBC9758A240EFC0B006F6766 /* Info.plist */,
			);
			path = "Util testTests";
			sourceTree = "<group>";
		};
		BBC97592240EFC0B006F6766 /* Util testUITests */ = {
			isa = PBXGroup;
			children = (
				BBC97593240EFC0B006F6766 /* Util_testUITests.swift */,
				BBC97595240EFC0B006F6766 /* Info.plist */,
			);
			path = "Util testUITests";
			sourceTree = "<group>";
		};
/* End PBXGroup section */

/* Begin PBXNativeTarget section */
		BBC9756F240EFC09006F6766 /* Util test */ = {
			isa = PBXNativeTarget;
			buildConfigurationList = BBC97598240EFC0B006F6766 /* Build configuration list for PBXNativeTarget "Util test" */;
			buildPhases = (
				BBC9756C240EFC09006F6766 /* Sources */,
				BBC9756D240EFC09006F6766 /* Frameworks */,
				BBC9756E240EFC09006F6766 /* Resources */,
				BBC975A4240EFC2E006F6766 /* Embed Frameworks */,
			);
			buildRules = (
			);
			dependencies = (
			);
			name = "Util test";
			productName = "Util test";
			productReference = BBC97570240EFC09006F6766 /* Util test.app */;
			productType = "com.apple.product-type.application";
		};
		BBC97583240EFC0B006F6766 /* Util testTests */ = {
			isa = PBXNativeTarget;
			buildConfigurationList = BBC9759B240EFC0B006F6766 /* Build configuration list for PBXNativeTarget "Util testTests" */;
			buildPhases = (
				BBC97580240EFC0B006F6766 /* Sources */,
				BBC97581240EFC0B006F6766 /* Frameworks */,
				BBC97582240EFC0B006F6766 /* Resources */,
			);
			buildRules = (
			);
			dependencies = (
				BBC97586240EFC0B006F6766 /* PBXTargetDependency */,
			);
			name = "Util testTests";
			productName = "Util testTests";
			productReference = BBC97584240EFC0B006F6766 /* Util testTests.xctest */;
			productType = "com.apple.product-type.bundle.unit-test";
		};
		BBC9758E240EFC0B006F6766 /* Util testUITests */ = {
			isa = PBXNativeTarget;
			buildConfigurationList = BBC9759E240EFC0B006F6766 /* Build configuration list for PBXNativeTarget "Util testUITests" */;
			buildPhases = (
				BBC9758B240EFC0B006F6766 /* Sources */,
				BBC9758C240EFC0B006F6766 /* Frameworks */,
				BBC9758D240EFC0B006F6766 /* Resources */,
			);
			buildRules = (
			);
			dependencies = (
				BBC97591240EFC0B006F6766 /* PBXTargetDependency */,
			);
			name = "Util testUITests";
			productName = "Util testUITests";
			productReference = BBC9758F240EFC0B006F6766 /* Util testUITests.xctest */;
			productType = "com.apple.product-type.bundle.ui-testing";
		};
/* End PBXNativeTarget section */

/* Begin PBXProject section */
		BBC97568240EFC09006F6766 /* Project object */ = {
			isa = PBXProject;
			attributes = {
				LastSwiftUpdateCheck = 1010;
				LastUpgradeCheck = 1010;
				ORGANIZATIONNAME = "임원선";
				TargetAttributes = {
					BBC9756F240EFC09006F6766 = {
						CreatedOnToolsVersion = 10.1;
					};
					BBC97583240EFC0B006F6766 = {
						CreatedOnToolsVersion = 10.1;
						TestTargetID = BBC9756F240EFC09006F6766;
					};
					BBC9758E240EFC0B006F6766 = {
						CreatedOnToolsVersion = 10.1;
						TestTargetID = BBC9756F240EFC09006F6766;
					};
				};
			};
			buildConfigurationList = BBC9756B240EFC09006F6766 /* Build configuration list for PBXProject "Util test" */;
			compatibilityVersion = "Xcode 9.3";
			developmentRegion = en;
			hasScannedForEncodings = 0;
			knownRegions = (
				en,
				Base,
			);
			mainGroup = BBC97567240EFC09006F6766;
			productRefGroup = BBC97571240EFC09006F6766 /* Products */;
			projectDirPath = "";
			projectRoot = "";
			targets = (
				BBC9756F240EFC09006F6766 /* Util test */,
				BBC97583240EFC0B006F6766 /* Util testTests */,
				BBC9758E240EFC0B006F6766 /* Util testUITests */,
			);
		};
/* End PBXProject section */

/* Begin PBXResourcesBuildPhase section */
		BBC9756E240EFC09006F6766 /* Resources */ = {
			isa = PBXResourcesBuildPhase;
			buildActionMask = 2147483647;
			files = (
				BBC9757E240EFC0B006F6766 /* LaunchScreen.storyboard in Resources */,
				BBC9757B240EFC0B006F6766 /* Assets.xcassets in Resources */,
				BBC97579240EFC09006F6766 /* Main.storyboard in Resources */,
			);
			runOnlyForDeploymentPostprocessing = 0;
		};
		BBC97582240EFC0B006F6766 /* Resources */ = {
			isa = PBXResourcesBuildPhase;
			buildActionMask = 2147483647;
			files = (
			);
			runOnlyForDeploymentPostprocessing = 0;
		};
		BBC9758D240EFC0B006F6766 /* Resources */ = {
			isa = PBXResourcesBuildPhase;
			buildActionMask = 2147483647;
			files = (
			);
			runOnlyForDeploymentPostprocessing = 0;
		};
/* End PBXResourcesBuildPhase section */

/* Begin PBXSourcesBuildPhase section */
		BBC9756C240EFC09006F6766 /* Sources */ = {
			isa = PBXSourcesBuildPhase;
			buildActionMask = 2147483647;
			files = (
				BBC97576240EFC09006F6766 /* ViewController.swift in Sources */,
				BBC97574240EFC09006F6766 /* AppDelegate.swift in Sources */,
			);
			runOnlyForDeploymentPostprocessing = 0;
		};
		BBC97580240EFC0B006F6766 /* Sources */ = {
			isa = PBXSourcesBuildPhase;
			buildActionMask = 2147483647;
			files = (
				BBC97589240EFC0B006F6766 /* Util_testTests.swift in Sources */,
			);
			runOnlyForDeploymentPostprocessing = 0;
		};
		BBC9758B240EFC0B006F6766 /* Sources */ = {
			isa = PBXSourcesBuildPhase;
			buildActionMask = 2147483647;
			files = (
				BBC97594240EFC0B006F6766 /* Util_testUITests.swift in Sources */,
			);
			runOnlyForDeploymentPostprocessing = 0;
		};
/* End PBXSourcesBuildPhase section */

/* Begin PBXTargetDependency section */
		BBC97586240EFC0B006F6766 /* PBXTargetDependency */ = {
			isa = PBXTargetDependency;
			target = BBC9756F240EFC09006F6766 /* Util test */;
			targetProxy = BBC97585240EFC0B006F6766 /* PBXContainerItemProxy */;
		};
		BBC97591240EFC0B006F6766 /* PBXTargetDependency */ = {
			isa = PBXTargetDependency;
			target = BBC9756F240EFC09006F6766 /* Util test */;
			targetProxy = BBC97590240EFC0B006F6766 /* PBXContainerItemProxy */;
		};
/* End PBXTargetDependency section */

/* Begin PBXVariantGroup section */
		BBC97577240EFC09006F6766 /* Main.storyboard */ = {
			isa = PBXVariantGroup;
			children = (
				BBC97578240EFC09006F6766 /* Base */,
			);
			name = Main.storyboard;
			sourceTree = "<group>";
		};
		BBC9757C240EFC0B006F6766 /* LaunchScreen.storyboard */ = {
			isa = PBXVariantGroup;
			children = (
				BBC9757D240EFC0B006F6766 /* Base */,
			);
			name = LaunchScreen.storyboard;
			sourceTree = "<group>";
		};
/* End PBXVariantGroup section */

/* Begin XCBuildConfiguration section */
		BBC97596240EFC0B006F6766 /* Debug */ = {
			isa = XCBuildConfiguration;
			buildSettings = {
				ALWAYS_SEARCH_USER_PATHS = NO;
				CLANG_ANALYZER_NONNULL = YES;
				CLANG_ANALYZER_NUMBER_OBJECT_CONVERSION = YES_AGGRESSIVE;
				CLANG_CXX_LANGUAGE_STANDARD = "gnu++14";
				CLANG_CXX_LIBRARY = "libc++";
				CLANG_ENABLE_MODULES = YES;
				CLANG_ENABLE_OBJC_ARC = YES;
				CLANG_ENABLE_OBJC_WEAK = YES;
				CLANG_WARN_BLOCK_CAPTURE_AUTORELEASING = YES;
				CLANG_WARN_BOOL_CONVERSION = YES;
				CLANG_WARN_COMMA = YES;
				CLANG_WARN_CONSTANT_CONVERSION = YES;
				CLANG_WARN_DEPRECATED_OBJC_IMPLEMENTATIONS = YES;
				CLANG_WARN_DIRECT_OBJC_ISA_USAGE = YES_ERROR;
				CLANG_WARN_DOCUMENTATION_COMMENTS = YES;
				CLANG_WARN_EMPTY_BODY = YES;
				CLANG_WARN_ENUM_CONVERSION = YES;
				CLANG_WARN_INFINITE_RECURSION = YES;
				CLANG_WARN_INT_CONVERSION = YES;
				CLANG_WARN_NON_LITERAL_NULL_CONVERSION = YES;
				CLANG_WARN_OBJC_IMPLICIT_RETAIN_SELF = YES;
				CLANG_WARN_OBJC_LITERAL_CONVERSION = YES;
				CLANG_WARN_OBJC_ROOT_CLASS = YES_ERROR;
				CLANG_WARN_RANGE_LOOP_ANALYSIS = YES;
				CLANG_WARN_STRICT_PROTOTYPES = YES;
				CLANG_WARN_SUSPICIOUS_MOVE = YES;
				CLANG_WARN_UNGUARDED_AVAILABILITY = YES_AGGRESSIVE;
				CLANG_WARN_UNREACHABLE_CODE = YES;
				CLANG_WARN__DUPLICATE_METHOD_MATCH = YES;
				CODE_SIGN_IDENTITY = "iPhone Developer";
				COPY_PHASE_STRIP = NO;
				DEBUG_INFORMATION_FORMAT = dwarf;
				ENABLE_STRICT_OBJC_MSGSEND = YES;
				ENABLE_TESTABILITY = YES;
				GCC_C_LANGUAGE_STANDARD = gnu11;
				GCC_DYNAMIC_NO_PIC = NO;
				GCC_NO_COMMON_BLOCKS = YES;
				GCC_OPTIMIZATION_LEVEL = 0;
				GCC_PREPROCESSOR_DEFINITIONS = (
					"DEBUG=1",
					"$(inherited)",
				);
				GCC_WARN_64_TO_32_BIT_CONVERSION = YES;
				GCC_WARN_ABOUT_RETURN_TYPE = YES_ERROR;
				GCC_WARN_UNDECLARED_SELECTOR = YES;
				GCC_WARN_UNINITIALIZED_AUTOS = YES_AGGRESSIVE;
				GCC_WARN_UNUSED_FUNCTION = YES;
				GCC_WARN_UNUSED_VARIABLE = YES;
				IPHONEOS_DEPLOYMENT_TARGET = 12.1;
				MTL_ENABLE_DEBUG_INFO = INCLUDE_SOURCE;
				MTL_FAST_MATH = YES;
				ONLY_ACTIVE_ARCH = YES;
				SDKROOT = iphoneos;
				SWIFT_ACTIVE_COMPILATION_CONDITIONS = DEBUG;
				SWIFT_OPTIMIZATION_LEVEL = "-Onone";
			};
			name = Debug;
		};
		BBC97597240EFC0B006F6766 /* Release */ = {
			isa = XCBuildConfiguration;
			buildSettings = {
				ALWAYS_SEARCH_USER_PATHS = NO;
				CLANG_ANALYZER_NONNULL = YES;
				CLANG_ANALYZER_NUMBER_OBJECT_CONVERSION = YES_AGGRESSIVE;
				CLANG_CXX_LANGUAGE_STANDARD = "gnu++14";
				CLANG_CXX_LIBRARY = "libc++";
				CLANG_ENABLE_MODULES = YES;
				CLANG_ENABLE_OBJC_ARC = YES;
				CLANG_ENABLE_OBJC_WEAK = YES;
				CLANG_WARN_BLOCK_CAPTURE_AUTORELEASING = YES;
				CLANG_WARN_BOOL_CONVERSION = YES;
				CLANG_WARN_COMMA = YES;
				CLANG_WARN_CONSTANT_CONVERSION = YES;
				CLANG_WARN_DEPRECATED_OBJC_IMPLEMENTATIONS = YES;
				CLANG_WARN_DIRECT_OBJC_ISA_USAGE = YES_ERROR;
				CLANG_WARN_DOCUMENTATION_COMMENTS = YES;
				CLANG_WARN_EMPTY_BODY = YES;
				CLANG_WARN_ENUM_CONVERSION = YES;
				CLANG_WARN_INFINITE_RECURSION = YES;
				CLANG_WARN_INT_CONVERSION = YES;
				CLANG_WARN_NON_LITERAL_NULL_CONVERSION = YES;
				CLANG_WARN_OBJC_IMPLICIT_RETAIN_SELF = YES;
				CLANG_WARN_OBJC_LITERAL_CONVERSION = YES;
				CLANG_WARN_OBJC_ROOT_CLASS = YES_ERROR;
				CLANG_WARN_RANGE_LOOP_ANALYSIS = YES;
				CLANG_WARN_STRICT_PROTOTYPES = YES;
				CLANG_WARN_SUSPICIOUS_MOVE = YES;
				CLANG_WARN_UNGUARDED_AVAILABILITY = YES_AGGRESSIVE;
				CLANG_WARN_UNREACHABLE_CODE = YES;
				CLANG_WARN__DUPLICATE_METHOD_MATCH = YES;
				CODE_SIGN_IDENTITY = "iPhone Developer";
				COPY_PHASE_STRIP = NO;
				DEBUG_INFORMATION_FORMAT = "dwarf-with-dsym";
				ENABLE_NS_ASSERTIONS = NO;
				ENABLE_STRICT_OBJC_MSGSEND = YES;
				GCC_C_LANGUAGE_STANDARD = gnu11;
				GCC_NO_COMMON_BLOCKS = YES;
				GCC_WARN_64_TO_32_BIT_CONVERSION = YES;
				GCC_WARN_ABOUT_RETURN_TYPE = YES_ERROR;
				GCC_WARN_UNDECLARED_SELECTOR = YES;
				GCC_WARN_UNINITIALIZED_AUTOS = YES_AGGRESSIVE;
				GCC_WARN_UNUSED_FUNCTION = YES;
				GCC_WARN_UNUSED_VARIABLE = YES;
				IPHONEOS_DEPLOYMENT_TARGET = 12.1;
				MTL_ENABLE_DEBUG_INFO = NO;
				MTL_FAST_MATH = YES;
				SDKROOT = iphoneos;
				SWIFT_COMPILATION_MODE = wholemodule;
				SWIFT_OPTIMIZATION_LEVEL = "-O";
				VALIDATE_PRODUCT = YES;
			};
			name = Release;
		};
		BBC97599240EFC0B006F6766 /* Debug */ = {
			isa = XCBuildConfiguration;
			buildSettings = {
				ASSETCATALOG_COMPILER_APPICON_NAME = AppIcon;
				CODE_SIGN_STYLE = Automatic;
				FRAMEWORK_SEARCH_PATHS = (
					"$(inherited)",
					"$(PROJECT_DIR)",
				);
				INFOPLIST_FILE = "Util test/Info.plist";
				LD_RUNPATH_SEARCH_PATHS = (
					"$(inherited)",
					"@executable_path/Frameworks",
				);
				PRODUCT_BUNDLE_IDENTIFIER = "kr.cau.Util-test";
				PRODUCT_NAME = "$(TARGET_NAME)";
				SWIFT_VERSION = 4.2;
				TARGETED_DEVICE_FAMILY = "1,2";
			};
			name = Debug;
		};
		BBC9759A240EFC0B006F6766 /* Release */ = {
			isa = XCBuildConfiguration;
			buildSettings = {
				ASSETCATALOG_COMPILER_APPICON_NAME = AppIcon;
				CODE_SIGN_STYLE = Automatic;
				FRAMEWORK_SEARCH_PATHS = (
					"$(inherited)",
					"$(PROJECT_DIR)",
				);
				INFOPLIST_FILE = "Util test/Info.plist";
				LD_RUNPATH_SEARCH_PATHS = (
					"$(inherited)",
					"@executable_path/Frameworks",
				);
				PRODUCT_BUNDLE_IDENTIFIER = "kr.cau.Util-test";
				PRODUCT_NAME = "$(TARGET_NAME)";
				SWIFT_VERSION = 4.2;
				TARGETED_DEVICE_FAMILY = "1,2";
			};
			name = Release;
		};
		BBC9759C240EFC0B006F6766 /* Debug */ = {
			isa = XCBuildConfiguration;
			buildSettings = {
				ALWAYS_EMBED_SWIFT_STANDARD_LIBRARIES = YES;
				BUNDLE_LOADER = "$(TEST_HOST)";
				CODE_SIGN_STYLE = Automatic;
				INFOPLIST_FILE = "Util testTests/Info.plist";
				LD_RUNPATH_SEARCH_PATHS = (
					"$(inherited)",
					"@executable_path/Frameworks",
					"@loader_path/Frameworks",
				);
				PRODUCT_BUNDLE_IDENTIFIER = "kr.cau.Util-testTests";
				PRODUCT_NAME = "$(TARGET_NAME)";
				SWIFT_VERSION = 4.2;
				TARGETED_DEVICE_FAMILY = "1,2";
				TEST_HOST = "$(BUILT_PRODUCTS_DIR)/Util test.app/Util test";
			};
			name = Debug;
		};
		BBC9759D240EFC0B006F6766 /* Release */ = {
			isa = XCBuildConfiguration;
			buildSettings = {
				ALWAYS_EMBED_SWIFT_STANDARD_LIBRARIES = YES;
				BUNDLE_LOADER = "$(TEST_HOST)";
				CODE_SIGN_STYLE = Automatic;
				INFOPLIST_FILE = "Util testTests/Info.plist";
				LD_RUNPATH_SEARCH_PATHS = (
					"$(inherited)",
					"@executable_path/Frameworks",
					"@loader_path/Frameworks",
				);
				PRODUCT_BUNDLE_IDENTIFIER = "kr.cau.Util-testTests";
				PRODUCT_NAME = "$(TARGET_NAME)";
				SWIFT_VERSION = 4.2;
				TARGETED_DEVICE_FAMILY = "1,2";
				TEST_HOST = "$(BUILT_PRODUCTS_DIR)/Util test.app/Util test";
			};
			name = Release;
		};
		BBC9759F240EFC0B006F6766 /* Debug */ = {
			isa = XCBuildConfiguration;
			buildSettings = {
				ALWAYS_EMBED_SWIFT_STANDARD_LIBRARIES = YES;
				CODE_SIGN_STYLE = Automatic;
				INFOPLIST_FILE = "Util testUITests/Info.plist";
				LD_RUNPATH_SEARCH_PATHS = (
					"$(inherited)",
					"@executable_path/Frameworks",
					"@loader_path/Frameworks",
				);
				PRODUCT_BUNDLE_IDENTIFIER = "kr.cau.Util-testUITests";
				PRODUCT_NAME = "$(TARGET_NAME)";
				SWIFT_VERSION = 4.2;
				TARGETED_DEVICE_FAMILY = "1,2";
				TEST_TARGET_NAME = "Util test";
			};
			name = Debug;
		};
		BBC975A0240EFC0B006F6766 /* Release */ = {
			isa = XCBuildConfiguration;
			buildSettings = {
				ALWAYS_EMBED_SWIFT_STANDARD_LIBRARIES = YES;
				CODE_SIGN_STYLE = Automatic;
				INFOPLIST_FILE = "Util testUITests/Info.plist";
				LD_RUNPATH_SEARCH_PATHS = (
					"$(inherited)",
					"@executable_path/Frameworks",
					"@loader_path/Frameworks",
				);
				PRODUCT_BUNDLE_IDENTIFIER = "kr.cau.Util-testUITests";
				PRODUCT_NAME = "$(TARGET_NAME)";
				SWIFT_VERSION = 4.2;
				TARGETED_DEVICE_FAMILY = "1,2";
				TEST_TARGET_NAME = "Util test";
			};
			name = Release;
		};
/* End XCBuildConfiguration section */

/* Begin XCConfigurationList section */
		BBC9756B240EFC09006F6766 /* Build configuration list for PBXProject "Util test" */ = {
			isa = XCConfigurationList;
			buildConfigurations = (
				BBC97596240EFC0B006F6766 /* Debug */,
				BBC97597240EFC0B006F6766 /* Release */,
			);
			defaultConfigurationIsVisible = 0;
			defaultConfigurationName = Release;
		};
		BBC97598240EFC0B006F6766 /* Build configuration list for PBXNativeTarget "Util test" */ = {
			isa = XCConfigurationList;
			buildConfigurations = (
				BBC97599240EFC0B006F6766 /* Debug */,
				BBC9759A240EFC0B006F6766 /* Release */,
			);
			defaultConfigurationIsVisible = 0;
			defaultConfigurationName = Release;
		};
		BBC9759B240EFC0B006F6766 /* Build configuration list for PBXNativeTarget "Util testTests" */ = {
			isa = XCConfigurationList;
			buildConfigurations = (
				BBC9759C240EFC0B006F6766 /* Debug */,
				BBC9759D240EFC0B006F6766 /* Release */,
			);
			defaultConfigurationIsVisible = 0;
			defaultConfigurationName = Release;
		};
		BBC9759E240EFC0B006F6766 /* Build configuration list for PBXNativeTarget "Util testUITests" */ = {
			isa = XCConfigurationList;
			buildConfigurations = (
				BBC9759F240EFC0B006F6766 /* Debug */,
				BBC975A0240EFC0B006F6766 /* Release */,
			);
			defaultConfigurationIsVisible = 0;
			defaultConfigurationName = Release;
		};
/* End XCConfigurationList section */
	};
	rootObject = BBC97568240EFC09006F6766 /* Project object */;
}
